
Microsoft Visual Studio Solution File, Format Version 12.00
# Visual Studio Version 17
VisualStudioVersion = 17.14.36203.30 d17.14
MinimumVisualStudioVersion = 10.0.40219.1
Project("{FAE04EC0-301F-11D3-BF4B-00C04F79EFBC}") = "N275", "N275\N275.csproj", "{21061D19-4182-AB24-D6ED-838626BD5E40}"
EndProject
Global
	GlobalSection(SolutionConfigurationPlatforms) = preSolution
		Debug|Any CPU = Debug|Any CPU
		Release|Any CPU = Release|Any CPU
	EndGlobalSection
	GlobalSection(ProjectConfigurationPlatforms) = postSolution
		{21061D19-4182-AB24-D6ED-838626BD5E40}.Debug|Any CPU.ActiveCfg = Debug|Any CPU
		{21061D19-4182-AB24-D6ED-838626BD5E40}.Debug|Any CPU.Build.0 = Debug|Any CPU
		{21061D19-4182-AB24-D6ED-838626BD5E40}.Release|Any CPU.ActiveCfg = Release|Any CPU
		{21061D19-4182-AB24-D6ED-838626BD5E40}.Release|Any CPU.Build.0 = Release|Any CPU
	EndGlobalSection
	GlobalSection(SolutionProperties) = preSolution
		HideSolutionNode = FALSE
	EndGlobalSection
	GlobalSection(ExtensibilityGlobals) = postSolution
		SolutionGuid = {B9CEDBCF-3EA9-494F-96E7-92E3D2FA0F5D}
	EndGlobalSection
EndGlobal
